
Microsoft Visual Studio Solution File, Format Version 12.00
# Visual Studio Version 16
VisualStudioVersion = 16.0.30413.136
MinimumVisualStudioVersion = 10.0.40219.1
Project("{FAE04EC0-301F-11D3-BF4B-00C04F79EFBC}") = "Demo.DataAccess", "Demo.DataAccess\Demo.DataAccess.csproj", "{E67FF1D4-A018-4F91-95A5-CF4B61522BE0}"
EndProject
Project("{FAE04EC0-301F-11D3-BF4B-00C04F79EFBC}") = "Teste.Demo", "Teste.Demo\Teste.Demo.csproj", "{63DB4771-BD2D-4FF8-A21A-556A24E58132}"
EndProject
Global
	GlobalSection(SolutionConfigurationPlatforms) = preSolution
		Debug|Any CPU = Debug|Any CPU
		Release|Any CPU = Release|Any CPU
	EndGlobalSection
	GlobalSection(ProjectConfigurationPlatforms) = postSolution
		{E67FF1D4-A018-4F91-95A5-CF4B61522BE0}.Debug|Any CPU.ActiveCfg = Debug|Any CPU
		{E67FF1D4-A018-4F91-95A5-CF4B61522BE0}.Debug|Any CPU.Build.0 = Debug|Any CPU
		{E67FF1D4-A018-4F91-95A5-CF4B61522BE0}.Release|Any CPU.ActiveCfg = Release|Any CPU
		{E67FF1D4-A018-4F91-95A5-CF4B61522BE0}.Release|Any CPU.Build.0 = Release|Any CPU
		{63DB4771-BD2D-4FF8-A21A-556A24E58132}.Debug|Any CPU.ActiveCfg = Debug|Any CPU
		{63DB4771-BD2D-4FF8-A21A-556A24E58132}.Debug|Any CPU.Build.0 = Debug|Any CPU
		{63DB4771-BD2D-4FF8-A21A-556A24E58132}.Release|Any CPU.ActiveCfg = Release|Any CPU
		{63DB4771-BD2D-4FF8-A21A-556A24E58132}.Release|Any CPU.Build.0 = Release|Any CPU
	EndGlobalSection
	GlobalSection(SolutionProperties) = preSolution
		HideSolutionNode = FALSE
	EndGlobalSection
	GlobalSection(ExtensibilityGlobals) = postSolution
		SolutionGuid = {B2331242-9D1A-4368-8498-8FF3475D995B}
	EndGlobalSection
EndGlobal
